
Microsoft Visual Studio Solution File, Format Version 12.00
# Visual Studio Version 17
VisualStudioVersion = 17.5.33516.290
MinimumVisualStudioVersion = 10.0.40219.1
Project("{9A19103F-16F7-4668-BE54-9A1E7A4F7556}") = "Spreadex.console", "src\Spreadex.console\Spreadex.console.csproj", "{400EF745-3E67-435B-91AF-91FB02FA5BDF}"
EndProject
Project("{2150E333-8FDC-42A3-9474-1A3956D46DE8}") = "src", "src", "{20CB40DF-3721-4A25-AD8E-A1FC56156A68}"
EndProject
Project("{2150E333-8FDC-42A3-9474-1A3956D46DE8}") = "tests", "tests", "{98A6044F-1E55-4E09-A486-2CC35633D5F8}"
EndProject
Project("{FAE04EC0-301F-11D3-BF4B-00C04F79EFBC}") = "Spreadex.console.tests", "tests\Spreadex.console.tests\Spreadex.console.tests.csproj", "{D8746C92-4F69-448C-A04A-76FA8F232D6C}"
EndProject
Global
	GlobalSection(SolutionConfigurationPlatforms) = preSolution
		Debug|Any CPU = Debug|Any CPU
		Release|Any CPU = Release|Any CPU
	EndGlobalSection
	GlobalSection(ProjectConfigurationPlatforms) = postSolution
		{400EF745-3E67-435B-91AF-91FB02FA5BDF}.Debug|Any CPU.ActiveCfg = Debug|Any CPU
		{400EF745-3E67-435B-91AF-91FB02FA5BDF}.Debug|Any CPU.Build.0 = Debug|Any CPU
		{400EF745-3E67-435B-91AF-91FB02FA5BDF}.Release|Any CPU.ActiveCfg = Release|Any CPU
		{400EF745-3E67-435B-91AF-91FB02FA5BDF}.Release|Any CPU.Build.0 = Release|Any CPU
		{D8746C92-4F69-448C-A04A-76FA8F232D6C}.Debug|Any CPU.ActiveCfg = Debug|Any CPU
		{D8746C92-4F69-448C-A04A-76FA8F232D6C}.Debug|Any CPU.Build.0 = Debug|Any CPU
		{D8746C92-4F69-448C-A04A-76FA8F232D6C}.Release|Any CPU.ActiveCfg = Release|Any CPU
		{D8746C92-4F69-448C-A04A-76FA8F232D6C}.Release|Any CPU.Build.0 = Release|Any CPU
	EndGlobalSection
	GlobalSection(SolutionProperties) = preSolution
		HideSolutionNode = FALSE
	EndGlobalSection
	GlobalSection(NestedProjects) = preSolution
		{400EF745-3E67-435B-91AF-91FB02FA5BDF} = {20CB40DF-3721-4A25-AD8E-A1FC56156A68}
		{D8746C92-4F69-448C-A04A-76FA8F232D6C} = {98A6044F-1E55-4E09-A486-2CC35633D5F8}
	EndGlobalSection
	GlobalSection(ExtensibilityGlobals) = postSolution
		SolutionGuid = {23AA398A-D1D4-480B-96F2-66CEFD732A71}
	EndGlobalSection
EndGlobal
